
Microsoft Visual Studio Solution File, Format Version 12.00
# Visual Studio Version 18
VisualStudioVersion = 18.2.11415.280
MinimumVisualStudioVersion = 10.0.40219.1
Project("{2150E333-8FDC-42A3-9474-1A3956D46DE8}") = "src", "src", "{827E0CD3-B72D-47B6-A68D-7590B98EB39B}"
EndProject
Project("{2150E333-8FDC-42A3-9474-1A3956D46DE8}") = "backend", "backend", "{FE360695-3F2B-1049-3887-35FBB5135923}"
EndProject
Project("{FAE04EC0-301F-11D3-BF4B-00C04F79EFBC}") = "PlasticModelApp.Domain", "src\backend\PlasticModelApp.Domain\PlasticModelApp.Domain.csproj", "{BF7EBAF7-E2E5-E2AD-B3C2-760DBA2108D9}"
EndProject
Project("{2150E333-8FDC-42A3-9474-1A3956D46DE8}") = "tests", "tests", "{0AB3BF05-4346-4AA6-1389-037BE0695223}"
EndProject
Project("{FAE04EC0-301F-11D3-BF4B-00C04F79EFBC}") = "PlasticModelApp.Domain.UnitTests", "tests\PlasticModelApp.Domain.UnitTests\PlasticModelApp.Domain.UnitTests.csproj", "{FAAF6775-70CD-4808-961B-132D436D7A2C}"
EndProject
Project("{FAE04EC0-301F-11D3-BF4B-00C04F79EFBC}") = "PlasticModelApp.Application", "src\backend\PlasticModelApp.Application\PlasticModelApp.Application.csproj", "{04FDFDAA-955C-8B9C-1D8D-5111F27402D9}"
EndProject
Project("{FAE04EC0-301F-11D3-BF4B-00C04F79EFBC}") = "PlasticModelApp.Infrastructure", "src\backend\PlasticModelApp.Infrastructure\PlasticModelApp.Infrastructure.csproj", "{A1342384-7717-535E-6F4F-E661925903D0}"
EndProject
Project("{FAE04EC0-301F-11D3-BF4B-00C04F79EFBC}") = "PlasticModelApp.Infrastructure.UnitTests", "tests\PlasticModelApp.Infrastructure.UnitTests\PlasticModelApp.Infrastructure.UnitTests.csproj", "{D9088390-3424-4D1E-81BC-12C6B2285E76}"
EndProject
Project("{2150E333-8FDC-42A3-9474-1A3956D46DE8}") = "frontend", "frontend", "{42299874-777B-F2D0-9D08-D24097ABCE7E}"
EndProject
Project("{FAE04EC0-301F-11D3-BF4B-00C04F79EFBC}") = "PlasticModelApp.Frontend", "src\frontend\PlasticModelApp.Frontend\PlasticModelApp.Frontend.csproj", "{3CE289E2-9C83-4179-8A8D-1F19D2737A1F}"
EndProject
Project("{FAE04EC0-301F-11D3-BF4B-00C04F79EFBC}") = "PlasticModelApp.Api", "src\backend\PlasticModelApp.Api\PlasticModelApp.Api.csproj", "{1E28AE7A-D558-439D-974B-2D6B93A86847}"
EndProject
Project("{FAE04EC0-301F-11D3-BF4B-00C04F79EFBC}") = "PlasticModelApp.Api.UnitTests", "tests\PlasticModelApp.Api.UnitTests\PlasticModelApp.Api.UnitTests.csproj", "{ED867D2B-7F53-4A18-9160-730E2A9A0D05}"
EndProject
Global
	GlobalSection(SolutionConfigurationPlatforms) = preSolution
		Debug|Any CPU = Debug|Any CPU
		Debug|x64 = Debug|x64
		Debug|x86 = Debug|x86
		Release|Any CPU = Release|Any CPU
		Release|x64 = Release|x64
		Release|x86 = Release|x86
	EndGlobalSection
	GlobalSection(ProjectConfigurationPlatforms) = postSolution
		{BF7EBAF7-E2E5-E2AD-B3C2-760DBA2108D9}.Debug|Any CPU.ActiveCfg = Debug|Any CPU
		{BF7EBAF7-E2E5-E2AD-B3C2-760DBA2108D9}.Debug|Any CPU.Build.0 = Debug|Any CPU
		{BF7EBAF7-E2E5-E2AD-B3C2-760DBA2108D9}.Debug|x64.ActiveCfg = Debug|Any CPU
		{BF7EBAF7-E2E5-E2AD-B3C2-760DBA2108D9}.Debug|x64.Build.0 = Debug|Any CPU
		{BF7EBAF7-E2E5-E2AD-B3C2-760DBA2108D9}.Debug|x86.ActiveCfg = Debug|Any CPU
		{BF7EBAF7-E2E5-E2AD-B3C2-760DBA2108D9}.Debug|x86.Build.0 = Debug|Any CPU
		{BF7EBAF7-E2E5-E2AD-B3C2-760DBA2108D9}.Release|Any CPU.ActiveCfg = Release|Any CPU
		{BF7EBAF7-E2E5-E2AD-B3C2-760DBA2108D9}.Release|Any CPU.Build.0 = Release|Any CPU
		{BF7EBAF7-E2E5-E2AD-B3C2-760DBA2108D9}.Release|x64.ActiveCfg = Release|Any CPU
		{BF7EBAF7-E2E5-E2AD-B3C2-760DBA2108D9}.Release|x64.Build.0 = Release|Any CPU
		{BF7EBAF7-E2E5-E2AD-B3C2-760DBA2108D9}.Release|x86.ActiveCfg = Release|Any CPU
		{BF7EBAF7-E2E5-E2AD-B3C2-760DBA2108D9}.Release|x86.Build.0 = Release|Any CPU
		{FAAF6775-70CD-4808-961B-132D436D7A2C}.Debug|Any CPU.ActiveCfg = Debug|Any CPU
		{FAAF6775-70CD-4808-961B-132D436D7A2C}.Debug|Any CPU.Build.0 = Debug|Any CPU
		{FAAF6775-70CD-4808-961B-132D436D7A2C}.Debug|x64.ActiveCfg = Debug|Any CPU
		{FAAF6775-70CD-4808-961B-132D436D7A2C}.Debug|x64.Build.0 = Debug|Any CPU
		{FAAF6775-70CD-4808-961B-132D436D7A2C}.Debug|x86.ActiveCfg = Debug|Any CPU
		{FAAF6775-70CD-4808-961B-132D436D7A2C}.Debug|x86.Build.0 = Debug|Any CPU
		{FAAF6775-70CD-4808-961B-132D436D7A2C}.Release|Any CPU.ActiveCfg = Release|Any CPU
		{FAAF6775-70CD-4808-961B-132D436D7A2C}.Release|Any CPU.Build.0 = Release|Any CPU
		{FAAF6775-70CD-4808-961B-132D436D7A2C}.Release|x64.ActiveCfg = Release|Any CPU
		{FAAF6775-70CD-4808-961B-132D436D7A2C}.Release|x64.Build.0 = Release|Any CPU
		{FAAF6775-70CD-4808-961B-132D436D7A2C}.Release|x86.ActiveCfg = Release|Any CPU
		{FAAF6775-70CD-4808-961B-132D436D7A2C}.Release|x86.Build.0 = Release|Any CPU
		{04FDFDAA-955C-8B9C-1D8D-5111F27402D9}.Debug|Any CPU.ActiveCfg = Debug|Any CPU
		{04FDFDAA-955C-8B9C-1D8D-5111F27402D9}.Debug|Any CPU.Build.0 = Debug|Any CPU
		{04FDFDAA-955C-8B9C-1D8D-5111F27402D9}.Debug|x64.ActiveCfg = Debug|Any CPU
		{04FDFDAA-955C-8B9C-1D8D-5111F27402D9}.Debug|x64.Build.0 = Debug|Any CPU
		{04FDFDAA-955C-8B9C-1D8D-5111F27402D9}.Debug|x86.ActiveCfg = Debug|Any CPU
		{04FDFDAA-955C-8B9C-1D8D-5111F27402D9}.Debug|x86.Build.0 = Debug|Any CPU
		{04FDFDAA-955C-8B9C-1D8D-5111F27402D9}.Release|Any CPU.ActiveCfg = Release|Any CPU
		{04FDFDAA-955C-8B9C-1D8D-5111F27402D9}.Release|Any CPU.Build.0 = Release|Any CPU
		{04FDFDAA-955C-8B9C-1D8D-5111F27402D9}.Release|x64.ActiveCfg = Release|Any CPU
		{04FDFDAA-955C-8B9C-1D8D-5111F27402D9}.Release|x64.Build.0 = Release|Any CPU
		{04FDFDAA-955C-8B9C-1D8D-5111F27402D9}.Release|x86.ActiveCfg = Release|Any CPU
		{04FDFDAA-955C-8B9C-1D8D-5111F27402D9}.Release|x86.Build.0 = Release|Any CPU
		{A1342384-7717-535E-6F4F-E661925903D0}.Debug|Any CPU.ActiveCfg = Debug|Any CPU
		{A1342384-7717-535E-6F4F-E661925903D0}.Debug|Any CPU.Build.0 = Debug|Any CPU
		{A1342384-7717-535E-6F4F-E661925903D0}.Debug|x64.ActiveCfg = Debug|Any CPU
		{A1342384-7717-535E-6F4F-E661925903D0}.Debug|x64.Build.0 = Debug|Any CPU
		{A1342384-7717-535E-6F4F-E661925903D0}.Debug|x86.ActiveCfg = Debug|Any CPU
		{A1342384-7717-535E-6F4F-E661925903D0}.Debug|x86.Build.0 = Debug|Any CPU
		{A1342384-7717-535E-6F4F-E661925903D0}.Release|Any CPU.ActiveCfg = Release|Any CPU
		{A1342384-7717-535E-6F4F-E661925903D0}.Release|Any CPU.Build.0 = Release|Any CPU
		{A1342384-7717-535E-6F4F-E661925903D0}.Release|x64.ActiveCfg = Release|Any CPU
		{A1342384-7717-535E-6F4F-E661925903D0}.Release|x64.Build.0 = Release|Any CPU
		{A1342384-7717-535E-6F4F-E661925903D0}.Release|x86.ActiveCfg = Release|Any CPU
		{A1342384-7717-535E-6F4F-E661925903D0}.Release|x86.Build.0 = Release|Any CPU
		{D9088390-3424-4D1E-81BC-12C6B2285E76}.Debug|Any CPU.ActiveCfg = Debug|Any CPU
		{D9088390-3424-4D1E-81BC-12C6B2285E76}.Debug|Any CPU.Build.0 = Debug|Any CPU
		{D9088390-3424-4D1E-81BC-12C6B2285E76}.Debug|x64.ActiveCfg = Debug|Any CPU
		{D9088390-3424-4D1E-81BC-12C6B2285E76}.Debug|x64.Build.0 = Debug|Any CPU
		{D9088390-3424-4D1E-81BC-12C6B2285E76}.Debug|x86.ActiveCfg = Debug|Any CPU
		{D9088390-3424-4D1E-81BC-12C6B2285E76}.Debug|x86.Build.0 = Debug|Any CPU
		{D9088390-3424-4D1E-81BC-12C6B2285E76}.Release|Any CPU.ActiveCfg = Release|Any CPU
		{D9088390-3424-4D1E-81BC-12C6B2285E76}.Release|Any CPU.Build.0 = Release|Any CPU
		{D9088390-3424-4D1E-81BC-12C6B2285E76}.Release|x64.ActiveCfg = Release|Any CPU
		{D9088390-3424-4D1E-81BC-12C6B2285E76}.Release|x64.Build.0 = Release|Any CPU
		{D9088390-3424-4D1E-81BC-12C6B2285E76}.Release|x86.ActiveCfg = Release|Any CPU
		{D9088390-3424-4D1E-81BC-12C6B2285E76}.Release|x86.Build.0 = Release|Any CPU
		{3CE289E2-9C83-4179-8A8D-1F19D2737A1F}.Debug|Any CPU.ActiveCfg = Debug|Any CPU
		{3CE289E2-9C83-4179-8A8D-1F19D2737A1F}.Debug|Any CPU.Build.0 = Debug|Any CPU
		{3CE289E2-9C83-4179-8A8D-1F19D2737A1F}.Debug|x64.ActiveCfg = Debug|Any CPU
		{3CE289E2-9C83-4179-8A8D-1F19D2737A1F}.Debug|x64.Build.0 = Debug|Any CPU
		{3CE289E2-9C83-4179-8A8D-1F19D2737A1F}.Debug|x86.ActiveCfg = Debug|Any CPU
		{3CE289E2-9C83-4179-8A8D-1F19D2737A1F}.Debug|x86.Build.0 = Debug|Any CPU
		{3CE289E2-9C83-4179-8A8D-1F19D2737A1F}.Release|Any CPU.ActiveCfg = Release|Any CPU
		{3CE289E2-9C83-4179-8A8D-1F19D2737A1F}.Release|Any CPU.Build.0 = Release|Any CPU
		{3CE289E2-9C83-4179-8A8D-1F19D2737A1F}.Release|x64.ActiveCfg = Release|Any CPU
		{3CE289E2-9C83-4179-8A8D-1F19D2737A1F}.Release|x64.Build.0 = Release|Any CPU
		{3CE289E2-9C83-4179-8A8D-1F19D2737A1F}.Release|x86.ActiveCfg = Release|Any CPU
		{3CE289E2-9C83-4179-8A8D-1F19D2737A1F}.Release|x86.Build.0 = Release|Any CPU
		{1E28AE7A-D558-439D-974B-2D6B93A86847}.Debug|Any CPU.ActiveCfg = Debug|Any CPU
		{1E28AE7A-D558-439D-974B-2D6B93A86847}.Debug|Any CPU.Build.0 = Debug|Any CPU
		{1E28AE7A-D558-439D-974B-2D6B93A86847}.Debug|x64.ActiveCfg = Debug|Any CPU
		{1E28AE7A-D558-439D-974B-2D6B93A86847}.Debug|x64.Build.0 = Debug|Any CPU
		{1E28AE7A-D558-439D-974B-2D6B93A86847}.Debug|x86.ActiveCfg = Debug|Any CPU
		{1E28AE7A-D558-439D-974B-2D6B93A86847}.Debug|x86.Build.0 = Debug|Any CPU
		{1E28AE7A-D558-439D-974B-2D6B93A86847}.Release|Any CPU.ActiveCfg = Release|Any CPU
		{1E28AE7A-D558-439D-974B-2D6B93A86847}.Release|Any CPU.Build.0 = Release|Any CPU
		{1E28AE7A-D558-439D-974B-2D6B93A86847}.Release|x64.ActiveCfg = Release|Any CPU
		{1E28AE7A-D558-439D-974B-2D6B93A86847}.Release|x64.Build.0 = Release|Any CPU
		{1E28AE7A-D558-439D-974B-2D6B93A86847}.Release|x86.ActiveCfg = Release|Any CPU
		{1E28AE7A-D558-439D-974B-2D6B93A86847}.Release|x86.Build.0 = Release|Any CPU
		{ED867D2B-7F53-4A18-9160-730E2A9A0D05}.Debug|Any CPU.ActiveCfg = Debug|Any CPU
		{ED867D2B-7F53-4A18-9160-730E2A9A0D05}.Debug|Any CPU.Build.0 = Debug|Any CPU
		{ED867D2B-7F53-4A18-9160-730E2A9A0D05}.Debug|x64.ActiveCfg = Debug|Any CPU
		{ED867D2B-7F53-4A18-9160-730E2A9A0D05}.Debug|x64.Build.0 = Debug|Any CPU
		{ED867D2B-7F53-4A18-9160-730E2A9A0D05}.Debug|x86.ActiveCfg = Debug|Any CPU
		{ED867D2B-7F53-4A18-9160-730E2A9A0D05}.Debug|x86.Build.0 = Debug|Any CPU
		{ED867D2B-7F53-4A18-9160-730E2A9A0D05}.Release|Any CPU.ActiveCfg = Release|Any CPU
		{ED867D2B-7F53-4A18-9160-730E2A9A0D05}.Release|Any CPU.Build.0 = Release|Any CPU
		{ED867D2B-7F53-4A18-9160-730E2A9A0D05}.Release|x64.ActiveCfg = Release|Any CPU
		{ED867D2B-7F53-4A18-9160-730E2A9A0D05}.Release|x64.Build.0 = Release|Any CPU
		{ED867D2B-7F53-4A18-9160-730E2A9A0D05}.Release|x86.ActiveCfg = Release|Any CPU
		{ED867D2B-7F53-4A18-9160-730E2A9A0D05}.Release|x86.Build.0 = Release|Any CPU
	EndGlobalSection
	GlobalSection(SolutionProperties) = preSolution
		HideSolutionNode = FALSE
	EndGlobalSection
	GlobalSection(NestedProjects) = preSolution
		{FE360695-3F2B-1049-3887-35FBB5135923} = {827E0CD3-B72D-47B6-A68D-7590B98EB39B}
		{BF7EBAF7-E2E5-E2AD-B3C2-760DBA2108D9} = {FE360695-3F2B-1049-3887-35FBB5135923}
		{FAAF6775-70CD-4808-961B-132D436D7A2C} = {0AB3BF05-4346-4AA6-1389-037BE0695223}
		{04FDFDAA-955C-8B9C-1D8D-5111F27402D9} = {FE360695-3F2B-1049-3887-35FBB5135923}
		{A1342384-7717-535E-6F4F-E661925903D0} = {FE360695-3F2B-1049-3887-35FBB5135923}
		{D9088390-3424-4D1E-81BC-12C6B2285E76} = {0AB3BF05-4346-4AA6-1389-037BE0695223}
		{42299874-777B-F2D0-9D08-D24097ABCE7E} = {827E0CD3-B72D-47B6-A68D-7590B98EB39B}
		{3CE289E2-9C83-4179-8A8D-1F19D2737A1F} = {42299874-777B-F2D0-9D08-D24097ABCE7E}
		{1E28AE7A-D558-439D-974B-2D6B93A86847} = {FE360695-3F2B-1049-3887-35FBB5135923}
		{ED867D2B-7F53-4A18-9160-730E2A9A0D05} = {0AB3BF05-4346-4AA6-1389-037BE0695223}
	EndGlobalSection
	GlobalSection(ExtensibilityGlobals) = postSolution
		SolutionGuid = {CA208945-5A38-40D9-A133-3F2631319821}
	EndGlobalSection
EndGlobal
